
Microsoft Visual Studio Solution File, Format Version 12.00
# Visual Studio Version 17
VisualStudioVersion = 17.1.32421.90
MinimumVisualStudioVersion = 10.0.40219.1
Project("{2150E333-8FDC-42A3-9474-1A3956D46DE8}") = "Solution Items", "Solution Items", "{75647F90-A62C-482D-B8CA-6DD46EEACE1A}"
	ProjectSection(SolutionItems) = preProject
		.editorconfig = .editorconfig
		Directory.Build.props = Directory.Build.props
	EndProjectSection
EndProject
Project("{2150E333-8FDC-42A3-9474-1A3956D46DE8}") = "src", "src", "{830DED77-AAFF-4165-A26F-F6FA58AB3E41}"
EndProject
Project("{2150E333-8FDC-42A3-9474-1A3956D46DE8}") = "tests", "tests", "{2637B99D-7BE3-4777-81B9-E9DE523FD8AF}"
EndProject
Project("{2150E333-8FDC-42A3-9474-1A3956D46DE8}") = "samples", "samples", "{C17C9316-E1BB-4901-9852-126121F04D9C}"
EndProject
Project("{9A19103F-16F7-4668-BE54-9A1E7A4F7556}") = "App", "samples\App\App.csproj", "{0CC27A34-EBDA-4AFE-B525-4A623C55F630}"
EndProject
Project("{9A19103F-16F7-4668-BE54-9A1E7A4F7556}") = "CoreSharp.Http.FluentApi", "CoreSharp.Http.FluentApi\CoreSharp.Http.FluentApi.csproj", "{4E445C65-3988-4DAB-BBAF-D358B46D321A}"
EndProject
Project("{9A19103F-16F7-4668-BE54-9A1E7A4F7556}") = "CoreSharp.Http.FluentApi.Tests", "CoreSharp.Http.FluentApi.Tests\CoreSharp.Http.FluentApi.Tests.csproj", "{9DFC4981-495A-4C91-8C4E-8548470DED8D}"
EndProject
Global
	GlobalSection(SolutionConfigurationPlatforms) = preSolution
		Debug|Any CPU = Debug|Any CPU
		Release|Any CPU = Release|Any CPU
	EndGlobalSection
	GlobalSection(ProjectConfigurationPlatforms) = postSolution
		{0CC27A34-EBDA-4AFE-B525-4A623C55F630}.Debug|Any CPU.ActiveCfg = Debug|Any CPU
		{0CC27A34-EBDA-4AFE-B525-4A623C55F630}.Debug|Any CPU.Build.0 = Debug|Any CPU
		{0CC27A34-EBDA-4AFE-B525-4A623C55F630}.Release|Any CPU.ActiveCfg = Release|Any CPU
		{0CC27A34-EBDA-4AFE-B525-4A623C55F630}.Release|Any CPU.Build.0 = Release|Any CPU
		{4E445C65-3988-4DAB-BBAF-D358B46D321A}.Debug|Any CPU.ActiveCfg = Debug|Any CPU
		{4E445C65-3988-4DAB-BBAF-D358B46D321A}.Debug|Any CPU.Build.0 = Debug|Any CPU
		{4E445C65-3988-4DAB-BBAF-D358B46D321A}.Release|Any CPU.ActiveCfg = Release|Any CPU
		{4E445C65-3988-4DAB-BBAF-D358B46D321A}.Release|Any CPU.Build.0 = Release|Any CPU
		{9DFC4981-495A-4C91-8C4E-8548470DED8D}.Debug|Any CPU.ActiveCfg = Debug|Any CPU
		{9DFC4981-495A-4C91-8C4E-8548470DED8D}.Debug|Any CPU.Build.0 = Debug|Any CPU
		{9DFC4981-495A-4C91-8C4E-8548470DED8D}.Release|Any CPU.ActiveCfg = Release|Any CPU
		{9DFC4981-495A-4C91-8C4E-8548470DED8D}.Release|Any CPU.Build.0 = Release|Any CPU
	EndGlobalSection
	GlobalSection(SolutionProperties) = preSolution
		HideSolutionNode = FALSE
	EndGlobalSection
	GlobalSection(NestedProjects) = preSolution
		{0CC27A34-EBDA-4AFE-B525-4A623C55F630} = {C17C9316-E1BB-4901-9852-126121F04D9C}
		{4E445C65-3988-4DAB-BBAF-D358B46D321A} = {830DED77-AAFF-4165-A26F-F6FA58AB3E41}
		{9DFC4981-495A-4C91-8C4E-8548470DED8D} = {2637B99D-7BE3-4777-81B9-E9DE523FD8AF}
	EndGlobalSection
	GlobalSection(ExtensibilityGlobals) = postSolution
		SolutionGuid = {EE39A214-19E6-477D-82F9-47CCA9763DCA}
	EndGlobalSection
EndGlobal
