
Microsoft Visual Studio Solution File, Format Version 12.00
# Visual Studio Version 16
VisualStudioVersion = 16.0.31911.196
MinimumVisualStudioVersion = 10.0.40219.1
Project("{9A19103F-16F7-4668-BE54-9A1E7A4F7556}") = "CoreSharp.HttpClient.FluentApi", "CoreSharp.HttpClient.FluentApi\CoreSharp.HttpClient.FluentApi.csproj", "{2CF98699-3857-481C-8775-87430F3A151E}"
EndProject
Project("{9A19103F-16F7-4668-BE54-9A1E7A4F7556}") = "CoreSharp.HttpClient.FluentApi.Domain", "CoreSharp.HttpClient.FluentApi.Domain\CoreSharp.HttpClient.FluentApi.Domain.csproj", "{C4A40238-14EE-4301-9C76-7EC46DC66A44}"
EndProject
Project("{9A19103F-16F7-4668-BE54-9A1E7A4F7556}") = "CoreSharp.HttpClient.FluentApi.Examples", "CoreSharp.HttpClient.FluentApi.Examples\CoreSharp.HttpClient.FluentApi.Examples.csproj", "{EEB90F0A-C1B3-439E-867E-2E5D67DB3403}"
EndProject
Project("{2150E333-8FDC-42A3-9474-1A3956D46DE8}") = "Solution Items", "Solution Items", "{75647F90-A62C-482D-B8CA-6DD46EEACE1A}"
	ProjectSection(SolutionItems) = preProject
		.editorconfig = .editorconfig
	EndProjectSection
EndProject
Project("{9A19103F-16F7-4668-BE54-9A1E7A4F7556}") = "CoreSharp.HttpClient.FluentApi.Tests", "CoreSharp.HttpClient.FluentApi.Tests\CoreSharp.HttpClient.FluentApi.Tests.csproj", "{E6783E9D-F3F6-4385-8C1D-D9EAEBBD413D}"
EndProject
Global
	GlobalSection(SolutionConfigurationPlatforms) = preSolution
		Debug|Any CPU = Debug|Any CPU
		Release|Any CPU = Release|Any CPU
	EndGlobalSection
	GlobalSection(ProjectConfigurationPlatforms) = postSolution
		{2CF98699-3857-481C-8775-87430F3A151E}.Debug|Any CPU.ActiveCfg = Debug|Any CPU
		{2CF98699-3857-481C-8775-87430F3A151E}.Debug|Any CPU.Build.0 = Debug|Any CPU
		{2CF98699-3857-481C-8775-87430F3A151E}.Release|Any CPU.ActiveCfg = Release|Any CPU
		{2CF98699-3857-481C-8775-87430F3A151E}.Release|Any CPU.Build.0 = Release|Any CPU
		{C4A40238-14EE-4301-9C76-7EC46DC66A44}.Debug|Any CPU.ActiveCfg = Debug|Any CPU
		{C4A40238-14EE-4301-9C76-7EC46DC66A44}.Debug|Any CPU.Build.0 = Debug|Any CPU
		{C4A40238-14EE-4301-9C76-7EC46DC66A44}.Release|Any CPU.ActiveCfg = Release|Any CPU
		{C4A40238-14EE-4301-9C76-7EC46DC66A44}.Release|Any CPU.Build.0 = Release|Any CPU
		{EEB90F0A-C1B3-439E-867E-2E5D67DB3403}.Debug|Any CPU.ActiveCfg = Debug|Any CPU
		{EEB90F0A-C1B3-439E-867E-2E5D67DB3403}.Debug|Any CPU.Build.0 = Debug|Any CPU
		{EEB90F0A-C1B3-439E-867E-2E5D67DB3403}.Release|Any CPU.ActiveCfg = Release|Any CPU
		{EEB90F0A-C1B3-439E-867E-2E5D67DB3403}.Release|Any CPU.Build.0 = Release|Any CPU
		{E6783E9D-F3F6-4385-8C1D-D9EAEBBD413D}.Debug|Any CPU.ActiveCfg = Debug|Any CPU
		{E6783E9D-F3F6-4385-8C1D-D9EAEBBD413D}.Debug|Any CPU.Build.0 = Debug|Any CPU
		{E6783E9D-F3F6-4385-8C1D-D9EAEBBD413D}.Release|Any CPU.ActiveCfg = Release|Any CPU
		{E6783E9D-F3F6-4385-8C1D-D9EAEBBD413D}.Release|Any CPU.Build.0 = Release|Any CPU
	EndGlobalSection
	GlobalSection(SolutionProperties) = preSolution
		HideSolutionNode = FALSE
	EndGlobalSection
	GlobalSection(ExtensibilityGlobals) = postSolution
		SolutionGuid = {EE39A214-19E6-477D-82F9-47CCA9763DCA}
	EndGlobalSection
EndGlobal
